// !$*UTF8*$!
{
	archiveVersion = 1;
	classes = {
	};
	objectVersion = 51;
	objects = {

/* Begin PBXBuildFile section */
		2C17F022DC010E907047F1D0 /* Pods_Login_SignUpWithFirebase.framework in Frameworks */ = {isa = PBXBuildFile; fileRef = B33CB419F95D1BC97203FE9E /* Pods_Login_SignUpWithFirebase.framework */; };
		3454606E282299DD00566567 /* AppDelegate.swift in Sources */ = {isa = PBXBuildFile; fileRef = 3454606D282299DD00566567 /* AppDelegate.swift */; };
		34546070282299DD00566567 /* SceneDelegate.swift in Sources */ = {isa = PBXBuildFile; fileRef = 3454606F282299DD00566567 /* SceneDelegate.swift */; };
		34546072282299DD00566567 /* ViewController.swift in Sources */ = {isa = PBXBuildFile; fileRef = 34546071282299DD00566567 /* ViewController.swift */; };
		34546075282299DD00566567 /* Main.storyboard in Resources */ = {isa = PBXBuildFile; fileRef = 34546073282299DD00566567 /* Main.storyboard */; };
		34546077282299DF00566567 /* Assets.xcassets in Resources */ = {isa = PBXBuildFile; fileRef = 34546076282299DF00566567 /* Assets.xcassets */; };
		3454607A282299DF00566567 /* LaunchScreen.storyboard in Resources */ = {isa = PBXBuildFile; fileRef = 34546078282299DF00566567 /* LaunchScreen.storyboard */; };
		3454608B28229A5800566567 /* LoginController.swift in Sources */ = {isa = PBXBuildFile; fileRef = 3454608A28229A5800566567 /* LoginController.swift */; };
		3454608D28229E9C00566567 /* Extensions.swift in Sources */ = {isa = PBXBuildFile; fileRef = 3454608C28229E9C00566567 /* Extensions.swift */; };
		3454608F2822A38000566567 /* CustomTextField.swift in Sources */ = {isa = PBXBuildFile; fileRef = 3454608E2822A38000566567 /* CustomTextField.swift */; };
		345460912822A54200566567 /* AuthButton.swift in Sources */ = {isa = PBXBuildFile; fileRef = 345460902822A54200566567 /* AuthButton.swift */; };
		345460932822AC4E00566567 /* DividerView.swift in Sources */ = {isa = PBXBuildFile; fileRef = 345460922822AC4E00566567 /* DividerView.swift */; };
		961418FD2829F92E00D07767 /* RegistrationController.swift in Sources */ = {isa = PBXBuildFile; fileRef = 961418FC2829F92E00D07767 /* RegistrationController.swift */; };
		961418FF282A03DD00D07767 /* ResetPasswordController.swift in Sources */ = {isa = PBXBuildFile; fileRef = 961418FE282A03DD00D07767 /* ResetPasswordController.swift */; };
		96141901282A140300D07767 /* AuthenticationViewModel.swift in Sources */ = {isa = PBXBuildFile; fileRef = 96141900282A140300D07767 /* AuthenticationViewModel.swift */; };
		96141905282ABD2100D07767 /* HomeController.swift in Sources */ = {isa = PBXBuildFile; fileRef = 96141904282ABD2100D07767 /* HomeController.swift */; };
		96BFD3EE282B68390037C316 /* Service.swift in Sources */ = {isa = PBXBuildFile; fileRef = 96BFD3ED282B68390037C316 /* Service.swift */; };
		96E6DE72282D1CA100E8F6AC /* OnboardingContoller.swift in Sources */ = {isa = PBXBuildFile; fileRef = 96E6DE71282D1CA100E8F6AC /* OnboardingContoller.swift */; };
		96E6DE74282D211700E8F6AC /* GoogleService-Info.plist in Resources */ = {isa = PBXBuildFile; fileRef = 96E6DE73282D211700E8F6AC /* GoogleService-Info.plist */; };
/* End PBXBuildFile section */

/* Begin PBXFileReference section */
		0C43C5D17D9AEF8592F1D94F /* Pods-Login&SignUpWithFirebase.release.xcconfig */ = {isa = PBXFileReference; includeInIndex = 1; lastKnownFileType = text.xcconfig; name = "Pods-Login&SignUpWithFirebase.release.xcconfig"; path = "Target Support Files/Pods-Login&SignUpWithFirebase/Pods-Login&SignUpWithFirebase.release.xcconfig"; sourceTree = "<group>"; };
		3454606A282299DD00566567 /* Login&SignUpWithFirebase.app */ = {isa = PBXFileReference; explicitFileType = wrapper.application; includeInIndex = 0; path = "Login&SignUpWithFirebase.app"; sourceTree = BUILT_PRODUCTS_DIR; };
		3454606D282299DD00566567 /* AppDelegate.swift */ = {isa = PBXFileReference; lastKnownFileType = sourcecode.swift; path = AppDelegate.swift; sourceTree = "<group>"; };
		3454606F282299DD00566567 /* SceneDelegate.swift */ = {isa = PBXFileReference; lastKnownFileType = sourcecode.swift; path = SceneDelegate.swift; sourceTree = "<group>"; };
		34546071282299DD00566567 /* ViewController.swift */ = {isa = PBXFileReference; lastKnownFileType = sourcecode.swift; path = ViewController.swift; sourceTree = "<group>"; };
		34546074282299DD00566567 /* Base */ = {isa = PBXFileReference; lastKnownFileType = file.storyboard; name = Base; path = Base.lproj/Main.storyboard; sourceTree = "<group>"; };
		34546076282299DF00566567 /* Assets.xcassets */ = {isa = PBXFileReference; lastKnownFileType = folder.assetcatalog; path = Assets.xcassets; sourceTree = "<group>"; };
		34546079282299DF00566567 /* Base */ = {isa = PBXFileReference; lastKnownFileType = file.storyboard; name = Base; path = Base.lproj/LaunchScreen.storyboard; sourceTree = "<group>"; };
		3454607B282299DF00566567 /* Info.plist */ = {isa = PBXFileReference; lastKnownFileType = text.plist.xml; path = Info.plist; sourceTree = "<group>"; };
		3454608A28229A5800566567 /* LoginController.swift */ = {isa = PBXFileReference; lastKnownFileType = sourcecode.swift; path = LoginController.swift; sourceTree = "<group>"; };
		3454608C28229E9C00566567 /* Extensions.swift */ = {isa = PBXFileReference; lastKnownFileType = sourcecode.swift; path = Extensions.swift; sourceTree = "<group>"; };
		3454608E2822A38000566567 /* CustomTextField.swift */ = {isa = PBXFileReference; lastKnownFileType = sourcecode.swift; path = CustomTextField.swift; sourceTree = "<group>"; };
		345460902822A54200566567 /* AuthButton.swift */ = {isa = PBXFileReference; lastKnownFileType = sourcecode.swift; path = AuthButton.swift; sourceTree = "<group>"; };
		345460922822AC4E00566567 /* DividerView.swift */ = {isa = PBXFileReference; lastKnownFileType = sourcecode.swift; path = DividerView.swift; sourceTree = "<group>"; };
		961418FC2829F92E00D07767 /* RegistrationController.swift */ = {isa = PBXFileReference; lastKnownFileType = sourcecode.swift; path = RegistrationController.swift; sourceTree = "<group>"; };
		961418FE282A03DD00D07767 /* ResetPasswordController.swift */ = {isa = PBXFileReference; lastKnownFileType = sourcecode.swift; path = ResetPasswordController.swift; sourceTree = "<group>"; };
		96141900282A140300D07767 /* AuthenticationViewModel.swift */ = {isa = PBXFileReference; lastKnownFileType = sourcecode.swift; name = AuthenticationViewModel.swift; path = "Login&SignUpWithFirebase/Controller/AuthenticationViewModel.swift"; sourceTree = SOURCE_ROOT; };
		96141904282ABD2100D07767 /* HomeController.swift */ = {isa = PBXFileReference; lastKnownFileType = sourcecode.swift; path = HomeController.swift; sourceTree = "<group>"; };
		96BFD3ED282B68390037C316 /* Service.swift */ = {isa = PBXFileReference; lastKnownFileType = sourcecode.swift; name = Service.swift; path = "Login&SignUpWithFirebase/Controller/Service.swift"; sourceTree = SOURCE_ROOT; };
		96E6DE71282D1CA100E8F6AC /* OnboardingContoller.swift */ = {isa = PBXFileReference; lastKnownFileType = sourcecode.swift; path = OnboardingContoller.swift; sourceTree = "<group>"; };
		96E6DE73282D211700E8F6AC /* GoogleService-Info.plist */ = {isa = PBXFileReference; lastKnownFileType = text.plist; path = "GoogleService-Info.plist"; sourceTree = SOURCE_ROOT; };
		B33CB419F95D1BC97203FE9E /* Pods_Login_SignUpWithFirebase.framework */ = {isa = PBXFileReference; explicitFileType = wrapper.framework; includeInIndex = 0; path = Pods_Login_SignUpWithFirebase.framework; sourceTree = BUILT_PRODUCTS_DIR; };
		D0C7969AE0C9F14A2938152A /* Pods-Login&SignUpWithFirebase.debug.xcconfig */ = {isa = PBXFileReference; includeInIndex = 1; lastKnownFileType = text.xcconfig; name = "Pods-Login&SignUpWithFirebase.debug.xcconfig"; path = "Target Support Files/Pods-Login&SignUpWithFirebase/Pods-Login&SignUpWithFirebase.debug.xcconfig"; sourceTree = "<group>"; };
/* End PBXFileReference section */

/* Begin PBXFrameworksBuildPhase section */
		34546067282299DD00566567 /* Frameworks */ = {
			isa = PBXFrameworksBuildPhase;
			buildActionMask = 2147483647;
			files = (
				2C17F022DC010E907047F1D0 /* Pods_Login_SignUpWithFirebase.framework in Frameworks */,
			);
			runOnlyForDeploymentPostprocessing = 0;
		};
/* End PBXFrameworksBuildPhase section */

/* Begin PBXGroup section */
		34546061282299DD00566567 = {
			isa = PBXGroup;
			children = (
				3454606C282299DD00566567 /* Login&SignUpWithFirebase */,
				3454606B282299DD00566567 /* Products */,
				9009751E64CBE526231B154D /* Pods */,
				44119A5DE486D20817CF4A2A /* Frameworks */,
			);
			sourceTree = "<group>";
		};
		3454606B282299DD00566567 /* Products */ = {
			isa = PBXGroup;
			children = (
				3454606A282299DD00566567 /* Login&SignUpWithFirebase.app */,
			);
			name = Products;
			sourceTree = "<group>";
		};
		3454606C282299DD00566567 /* Login&SignUpWithFirebase */ = {
			isa = PBXGroup;
			children = (
				3454608628229A0400566567 /* Utils */,
				3454608728229A0600566567 /* Model */,
				3454608528229A0300566567 /* View */,
				3454608428229A0100566567 /* ViewModel */,
				34546081282299F900566567 /* Controller */,
				3454608928229A3300566567 /* API */,
				3454606D282299DD00566567 /* AppDelegate.swift */,
				3454606F282299DD00566567 /* SceneDelegate.swift */,
				34546071282299DD00566567 /* ViewController.swift */,
				34546073282299DD00566567 /* Main.storyboard */,
				34546076282299DF00566567 /* Assets.xcassets */,
				34546078282299DF00566567 /* LaunchScreen.storyboard */,
				3454607B282299DF00566567 /* Info.plist */,
				96E6DE73282D211700E8F6AC /* GoogleService-Info.plist */,
			);
			path = "Login&SignUpWithFirebase";
			sourceTree = "<group>";
		};
		34546081282299F900566567 /* Controller */ = {
			isa = PBXGroup;
			children = (
				3454608A28229A5800566567 /* LoginController.swift */,
				961418FC2829F92E00D07767 /* RegistrationController.swift */,
				961418FE282A03DD00D07767 /* ResetPasswordController.swift */,
				96141904282ABD2100D07767 /* HomeController.swift */,
				96E6DE71282D1CA100E8F6AC /* OnboardingContoller.swift */,
			);
			path = Controller;
			sourceTree = "<group>";
		};
		3454608428229A0100566567 /* ViewModel */ = {
			isa = PBXGroup;
			children = (
				96141900282A140300D07767 /* AuthenticationViewModel.swift */,
			);
			path = ViewModel;
			sourceTree = "<group>";
		};
		3454608528229A0300566567 /* View */ = {
			isa = PBXGroup;
			children = (
				3454608E2822A38000566567 /* CustomTextField.swift */,
				345460902822A54200566567 /* AuthButton.swift */,
				345460922822AC4E00566567 /* DividerView.swift */,
			);
			path = View;
			sourceTree = "<group>";
		};
		3454608628229A0400566567 /* Utils */ = {
			isa = PBXGroup;
			children = (
				3454608C28229E9C00566567 /* Extensions.swift */,
			);
			path = Utils;
			sourceTree = "<group>";
		};
		3454608728229A0600566567 /* Model */ = {
			isa = PBXGroup;
			children = (
			);
			path = Model;
			sourceTree = "<group>";
		};
		3454608928229A3300566567 /* API */ = {
			isa = PBXGroup;
			children = (
				96BFD3ED282B68390037C316 /* Service.swift */,
			);
			path = API;
			sourceTree = "<group>";
		};
		44119A5DE486D20817CF4A2A /* Frameworks */ = {
			isa = PBXGroup;
			children = (
				B33CB419F95D1BC97203FE9E /* Pods_Login_SignUpWithFirebase.framework */,
			);
			name = Frameworks;
			sourceTree = "<group>";
		};
		9009751E64CBE526231B154D /* Pods */ = {
			isa = PBXGroup;
			children = (
				D0C7969AE0C9F14A2938152A /* Pods-Login&SignUpWithFirebase.debug.xcconfig */,
				0C43C5D17D9AEF8592F1D94F /* Pods-Login&SignUpWithFirebase.release.xcconfig */,
			);
			path = Pods;
			sourceTree = "<group>";
		};
/* End PBXGroup section */

/* Begin PBXNativeTarget section */
		34546069282299DD00566567 /* Login&SignUpWithFirebase */ = {
			isa = PBXNativeTarget;
			buildConfigurationList = 3454607E282299DF00566567 /* Build configuration list for PBXNativeTarget "Login&SignUpWithFirebase" */;
			buildPhases = (
				004483E6234FE1F4762CAE08 /* [CP] Check Pods Manifest.lock */,
				34546066282299DD00566567 /* Sources */,
				34546067282299DD00566567 /* Frameworks */,
				34546068282299DD00566567 /* Resources */,
				85D454926232727771B29C5F /* [CP] Embed Pods Frameworks */,
				197C4C2D187AC0119FD066BC /* [CP] Copy Pods Resources */,
			);
			buildRules = (
			);
			dependencies = (
			);
			name = "Login&SignUpWithFirebase";
			productName = "Login&SignUpWithFirebase";
			productReference = 3454606A282299DD00566567 /* Login&SignUpWithFirebase.app */;
			productType = "com.apple.product-type.application";
		};
/* End PBXNativeTarget section */

/* Begin PBXProject section */
		34546062282299DD00566567 /* Project object */ = {
			isa = PBXProject;
			attributes = {
				LastSwiftUpdateCheck = 1250;
				LastUpgradeCheck = 1250;
				TargetAttributes = {
					34546069282299DD00566567 = {
						CreatedOnToolsVersion = 12.5.1;
					};
				};
			};
			buildConfigurationList = 34546065282299DD00566567 /* Build configuration list for PBXProject "Login&SignUpWithFirebase" */;
			compatibilityVersion = "Xcode 9.3";
			developmentRegion = en;
			hasScannedForEncodings = 0;
			knownRegions = (
				en,
				Base,
			);
			mainGroup = 34546061282299DD00566567;
			productRefGroup = 3454606B282299DD00566567 /* Products */;
			projectDirPath = "";
			projectRoot = "";
			targets = (
				34546069282299DD00566567 /* Login&SignUpWithFirebase */,
			);
		};
/* End PBXProject section */

/* Begin PBXResourcesBuildPhase section */
		34546068282299DD00566567 /* Resources */ = {
			isa = PBXResourcesBuildPhase;
			buildActionMask = 2147483647;
			files = (
				3454607A282299DF00566567 /* LaunchScreen.storyboard in Resources */,
				96E6DE74282D211700E8F6AC /* GoogleService-Info.plist in Resources */,
				34546077282299DF00566567 /* Assets.xcassets in Resources */,
				34546075282299DD00566567 /* Main.storyboard in Resources */,
			);
			runOnlyForDeploymentPostprocessing = 0;
		};
/* End PBXResourcesBuildPhase section */

/* Begin PBXShellScriptBuildPhase section */
		004483E6234FE1F4762CAE08 /* [CP] Check Pods Manifest.lock */ = {
			isa = PBXShellScriptBuildPhase;
			buildActionMask = 2147483647;
			files = (
			);
			inputFileListPaths = (
			);
			inputPaths = (
				"${PODS_PODFILE_DIR_PATH}/Podfile.lock",
				"${PODS_ROOT}/Manifest.lock",
			);
			name = "[CP] Check Pods Manifest.lock";
			outputFileListPaths = (
			);
			outputPaths = (
				"$(DERIVED_FILE_DIR)/Pods-Login&SignUpWithFirebase-checkManifestLockResult.txt",
			);
			runOnlyForDeploymentPostprocessing = 0;
			shellPath = /bin/sh;
			shellScript = "diff \"${PODS_PODFILE_DIR_PATH}/Podfile.lock\" \"${PODS_ROOT}/Manifest.lock\" > /dev/null\nif [ $? != 0 ] ; then\n    # print error to STDERR\n    echo \"error: The sandbox is not in sync with the Podfile.lock. Run 'pod install' or update your CocoaPods installation.\" >&2\n    exit 1\nfi\n# This output is used by Xcode 'outputs' to avoid re-running this script phase.\necho \"SUCCESS\" > \"${SCRIPT_OUTPUT_FILE_0}\"\n";
			showEnvVarsInLog = 0;
		};
		197C4C2D187AC0119FD066BC /* [CP] Copy Pods Resources */ = {
			isa = PBXShellScriptBuildPhase;
			buildActionMask = 2147483647;
			files = (
			);
			inputFileListPaths = (
				"${PODS_ROOT}/Target Support Files/Pods-Login&SignUpWithFirebase/Pods-Login&SignUpWithFirebase-resources-${CONFIGURATION}-input-files.xcfilelist",
			);
			name = "[CP] Copy Pods Resources";
			outputFileListPaths = (
				"${PODS_ROOT}/Target Support Files/Pods-Login&SignUpWithFirebase/Pods-Login&SignUpWithFirebase-resources-${CONFIGURATION}-output-files.xcfilelist",
			);
			runOnlyForDeploymentPostprocessing = 0;
			shellPath = /bin/sh;
			shellScript = "\"${PODS_ROOT}/Target Support Files/Pods-Login&SignUpWithFirebase/Pods-Login&SignUpWithFirebase-resources.sh\"\n";
			showEnvVarsInLog = 0;
		};
		85D454926232727771B29C5F /* [CP] Embed Pods Frameworks */ = {
			isa = PBXShellScriptBuildPhase;
			buildActionMask = 2147483647;
			files = (
			);
			inputFileListPaths = (
				"${PODS_ROOT}/Target Support Files/Pods-Login&SignUpWithFirebase/Pods-Login&SignUpWithFirebase-frameworks-${CONFIGURATION}-input-files.xcfilelist",
			);
			name = "[CP] Embed Pods Frameworks";
			outputFileListPaths = (
				"${PODS_ROOT}/Target Support Files/Pods-Login&SignUpWithFirebase/Pods-Login&SignUpWithFirebase-frameworks-${CONFIGURATION}-output-files.xcfilelist",
			);
			runOnlyForDeploymentPostprocessing = 0;
			shellPath = /bin/sh;
			shellScript = "\"${PODS_ROOT}/Target Support Files/Pods-Login&SignUpWithFirebase/Pods-Login&SignUpWithFirebase-frameworks.sh\"\n";
			showEnvVarsInLog = 0;
		};
/* End PBXShellScriptBuildPhase section */

/* Begin PBXSourcesBuildPhase section */
		34546066282299DD00566567 /* Sources */ = {
			isa = PBXSourcesBuildPhase;
			buildActionMask = 2147483647;
			files = (
				3454608D28229E9C00566567 /* Extensions.swift in Sources */,
				96BFD3EE282B68390037C316 /* Service.swift in Sources */,
				961418FD2829F92E00D07767 /* RegistrationController.swift in Sources */,
				345460912822A54200566567 /* AuthButton.swift in Sources */,
				34546072282299DD00566567 /* ViewController.swift in Sources */,
				96141901282A140300D07767 /* AuthenticationViewModel.swift in Sources */,
				3454608F2822A38000566567 /* CustomTextField.swift in Sources */,
				3454608B28229A5800566567 /* LoginController.swift in Sources */,
				3454606E282299DD00566567 /* AppDelegate.swift in Sources */,
				96E6DE72282D1CA100E8F6AC /* OnboardingContoller.swift in Sources */,
				96141905282ABD2100D07767 /* HomeController.swift in Sources */,
				345460932822AC4E00566567 /* DividerView.swift in Sources */,
				961418FF282A03DD00D07767 /* ResetPasswordController.swift in Sources */,
				34546070282299DD00566567 /* SceneDelegate.swift in Sources */,
			);
			runOnlyForDeploymentPostprocessing = 0;
		};
/* End PBXSourcesBuildPhase section */

/* Begin PBXVariantGroup section */
		34546073282299DD00566567 /* Main.storyboard */ = {
			isa = PBXVariantGroup;
			children = (
				34546074282299DD00566567 /* Base */,
			);
			name = Main.storyboard;
			sourceTree = "<group>";
		};
		34546078282299DF00566567 /* LaunchScreen.storyboard */ = {
			isa = PBXVariantGroup;
			children = (
				34546079282299DF00566567 /* Base */,
			);
			name = LaunchScreen.storyboard;
			sourceTree = "<group>";
		};
/* End PBXVariantGroup section */

/* Begin XCBuildConfiguration section */
		3454607C282299DF00566567 /* Debug */ = {
			isa = XCBuildConfiguration;
			buildSettings = {
				ALWAYS_SEARCH_USER_PATHS = NO;
				CLANG_ANALYZER_NONNULL = YES;
				CLANG_ANALYZER_NUMBER_OBJECT_CONVERSION = YES_AGGRESSIVE;
				CLANG_CXX_LANGUAGE_STANDARD = "gnu++14";
				CLANG_CXX_LIBRARY = "libc++";
				CLANG_ENABLE_MODULES = YES;
				CLANG_ENABLE_OBJC_ARC = YES;
				CLANG_ENABLE_OBJC_WEAK = YES;
				CLANG_WARN_BLOCK_CAPTURE_AUTORELEASING = YES;
				CLANG_WARN_BOOL_CONVERSION = YES;
				CLANG_WARN_COMMA = YES;
				CLANG_WARN_CONSTANT_CONVERSION = YES;
				CLANG_WARN_DEPRECATED_OBJC_IMPLEMENTATIONS = YES;
				CLANG_WARN_DIRECT_OBJC_ISA_USAGE = YES_ERROR;
				CLANG_WARN_DOCUMENTATION_COMMENTS = YES;
				CLANG_WARN_EMPTY_BODY = YES;
				CLANG_WARN_ENUM_CONVERSION = YES;
				CLANG_WARN_INFINITE_RECURSION = YES;
				CLANG_WARN_INT_CONVERSION = YES;
				CLANG_WARN_NON_LITERAL_NULL_CONVERSION = YES;
				CLANG_WARN_OBJC_IMPLICIT_RETAIN_SELF = YES;
				CLANG_WARN_OBJC_LITERAL_CONVERSION = YES;
				CLANG_WARN_OBJC_ROOT_CLASS = YES_ERROR;
				CLANG_WARN_QUOTED_INCLUDE_IN_FRAMEWORK_HEADER = YES;
				CLANG_WARN_RANGE_LOOP_ANALYSIS = YES;
				CLANG_WARN_STRICT_PROTOTYPES = YES;
				CLANG_WARN_SUSPICIOUS_MOVE = YES;
				CLANG_WARN_UNGUARDED_AVAILABILITY = YES_AGGRESSIVE;
				CLANG_WARN_UNREACHABLE_CODE = YES;
				CLANG_WARN__DUPLICATE_METHOD_MATCH = YES;
				COPY_PHASE_STRIP = NO;
				DEBUG_INFORMATION_FORMAT = dwarf;
				ENABLE_STRICT_OBJC_MSGSEND = YES;
				ENABLE_TESTABILITY = YES;
				GCC_C_LANGUAGE_STANDARD = gnu11;
				GCC_DYNAMIC_NO_PIC = NO;
				GCC_NO_COMMON_BLOCKS = YES;
				GCC_OPTIMIZATION_LEVEL = 0;
				GCC_PREPROCESSOR_DEFINITIONS = (
					"DEBUG=1",
					"$(inherited)",
				);
				GCC_WARN_64_TO_32_BIT_CONVERSION = YES;
				GCC_WARN_ABOUT_RETURN_TYPE = YES_ERROR;
				GCC_WARN_UNDECLARED_SELECTOR = YES;
				GCC_WARN_UNINITIALIZED_AUTOS = YES_AGGRESSIVE;
				GCC_WARN_UNUSED_FUNCTION = YES;
				GCC_WARN_UNUSED_VARIABLE = YES;
				IPHONEOS_DEPLOYMENT_TARGET = 14.5;
				MTL_ENABLE_DEBUG_INFO = INCLUDE_SOURCE;
				MTL_FAST_MATH = YES;
				ONLY_ACTIVE_ARCH = YES;
				SDKROOT = iphoneos;
				SWIFT_ACTIVE_COMPILATION_CONDITIONS = DEBUG;
				SWIFT_OPTIMIZATION_LEVEL = "-Onone";
			};
			name = Debug;
		};
		3454607D282299DF00566567 /* Release */ = {
			isa = XCBuildConfiguration;
			buildSettings = {
				ALWAYS_SEARCH_USER_PATHS = NO;
				CLANG_ANALYZER_NONNULL = YES;
				CLANG_ANALYZER_NUMBER_OBJECT_CONVERSION = YES_AGGRESSIVE;
				CLANG_CXX_LANGUAGE_STANDARD = "gnu++14";
				CLANG_CXX_LIBRARY = "libc++";
				CLANG_ENABLE_MODULES = YES;
				CLANG_ENABLE_OBJC_ARC = YES;
				CLANG_ENABLE_OBJC_WEAK = YES;
				CLANG_WARN_BLOCK_CAPTURE_AUTORELEASING = YES;
				CLANG_WARN_BOOL_CONVERSION = YES;
				CLANG_WARN_COMMA = YES;
				CLANG_WARN_CONSTANT_CONVERSION = YES;
				CLANG_WARN_DEPRECATED_OBJC_IMPLEMENTATIONS = YES;
				CLANG_WARN_DIRECT_OBJC_ISA_USAGE = YES_ERROR;
				CLANG_WARN_DOCUMENTATION_COMMENTS = YES;
				CLANG_WARN_EMPTY_BODY = YES;
				CLANG_WARN_ENUM_CONVERSION = YES;
				CLANG_WARN_INFINITE_RECURSION = YES;
				CLANG_WARN_INT_CONVERSION = YES;
				CLANG_WARN_NON_LITERAL_NULL_CONVERSION = YES;
				CLANG_WARN_OBJC_IMPLICIT_RETAIN_SELF = YES;
				CLANG_WARN_OBJC_LITERAL_CONVERSION = YES;
				CLANG_WARN_OBJC_ROOT_CLASS = YES_ERROR;
				CLANG_WARN_QUOTED_INCLUDE_IN_FRAMEWORK_HEADER = YES;
				CLANG_WARN_RANGE_LOOP_ANALYSIS = YES;
				CLANG_WARN_STRICT_PROTOTYPES = YES;
				CLANG_WARN_SUSPICIOUS_MOVE = YES;
				CLANG_WARN_UNGUARDED_AVAILABILITY = YES_AGGRESSIVE;
				CLANG_WARN_UNREACHABLE_CODE = YES;
				CLANG_WARN__DUPLICATE_METHOD_MATCH = YES;
				COPY_PHASE_STRIP = NO;
				DEBUG_INFORMATION_FORMAT = "dwarf-with-dsym";
				ENABLE_NS_ASSERTIONS = NO;
				ENABLE_STRICT_OBJC_MSGSEND = YES;
				GCC_C_LANGUAGE_STANDARD = gnu11;
				GCC_NO_COMMON_BLOCKS = YES;
				GCC_WARN_64_TO_32_BIT_CONVERSION = YES;
				GCC_WARN_ABOUT_RETURN_TYPE = YES_ERROR;
				GCC_WARN_UNDECLARED_SELECTOR = YES;
				GCC_WARN_UNINITIALIZED_AUTOS = YES_AGGRESSIVE;
				GCC_WARN_UNUSED_FUNCTION = YES;
				GCC_WARN_UNUSED_VARIABLE = YES;
				IPHONEOS_DEPLOYMENT_TARGET = 14.5;
				MTL_ENABLE_DEBUG_INFO = NO;
				MTL_FAST_MATH = YES;
				SDKROOT = iphoneos;
				SWIFT_COMPILATION_MODE = wholemodule;
				SWIFT_OPTIMIZATION_LEVEL = "-O";
				VALIDATE_PRODUCT = YES;
			};
			name = Release;
		};
		3454607F282299DF00566567 /* Debug */ = {
			isa = XCBuildConfiguration;
			baseConfigurationReference = D0C7969AE0C9F14A2938152A /* Pods-Login&SignUpWithFirebase.debug.xcconfig */;
			buildSettings = {
				ASSETCATALOG_COMPILER_APPICON_NAME = AppIcon;
				ASSETCATALOG_COMPILER_GLOBAL_ACCENT_COLOR_NAME = AccentColor;
				CODE_SIGN_STYLE = Automatic;
				INFOPLIST_FILE = "Login&SignUpWithFirebase/Info.plist";
				LD_RUNPATH_SEARCH_PATHS = (
					"$(inherited)",
					"@executable_path/Frameworks",
				);
				PRODUCT_BUNDLE_IDENTIFIER = "d.Login-SignUpWithFirebase";
				PRODUCT_NAME = "$(TARGET_NAME)";
				SWIFT_VERSION = 5.0;
				TARGETED_DEVICE_FAMILY = "1,2";
			};
			name = Debug;
		};
		34546080282299DF00566567 /* Release */ = {
			isa = XCBuildConfiguration;
			baseConfigurationReference = 0C43C5D17D9AEF8592F1D94F /* Pods-Login&SignUpWithFirebase.release.xcconfig */;
			buildSettings = {
				ASSETCATALOG_COMPILER_APPICON_NAME = AppIcon;
				ASSETCATALOG_COMPILER_GLOBAL_ACCENT_COLOR_NAME = AccentColor;
				CODE_SIGN_STYLE = Automatic;
				INFOPLIST_FILE = "Login&SignUpWithFirebase/Info.plist";
				LD_RUNPATH_SEARCH_PATHS = (
					"$(inherited)",
					"@executable_path/Frameworks",
				);
				PRODUCT_BUNDLE_IDENTIFIER = "d.Login-SignUpWithFirebase";
				PRODUCT_NAME = "$(TARGET_NAME)";
				SWIFT_VERSION = 5.0;
				TARGETED_DEVICE_FAMILY = "1,2";
			};
			name = Release;
		};
/* End XCBuildConfiguration section */

/* Begin XCConfigurationList section */
		34546065282299DD00566567 /* Build configuration list for PBXProject "Login&SignUpWithFirebase" */ = {
			isa = XCConfigurationList;
			buildConfigurations = (
				3454607C282299DF00566567 /* Debug */,
				3454607D282299DF00566567 /* Release */,
			);
			defaultConfigurationIsVisible = 0;
			defaultConfigurationName = Release;
		};
		3454607E282299DF00566567 /* Build configuration list for PBXNativeTarget "Login&SignUpWithFirebase" */ = {
			isa = XCConfigurationList;
			buildConfigurations = (
				3454607F282299DF00566567 /* Debug */,
				34546080282299DF00566567 /* Release */,
			);
			defaultConfigurationIsVisible = 0;
			defaultConfigurationName = Release;
		};
/* End XCConfigurationList section */
	};
	rootObject = 34546062282299DD00566567 /* Project object */;
}
